
Microsoft Visual Studio Solution File, Format Version 12.00
# Visual Studio Version 17
VisualStudioVersion = 17.13.35931.197 d17.13
MinimumVisualStudioVersion = 10.0.40219.1
Project("{FAE04EC0-301F-11D3-BF4B-00C04F79EFBC}") = "Interactive3DPrimitives", "Interactive3DPrimitives\Interactive3DPrimitives.csproj", "{B4DE299C-7140-4190-93E4-A7ED229F6BFC}"
EndProject
Global
	GlobalSection(SolutionConfigurationPlatforms) = preSolution
		Debug|Any CPU = Debug|Any CPU
		Release|Any CPU = Release|Any CPU
	EndGlobalSection
	GlobalSection(ProjectConfigurationPlatforms) = postSolution
		{B4DE299C-7140-4190-93E4-A7ED229F6BFC}.Debug|Any CPU.ActiveCfg = Debug|Any CPU
		{B4DE299C-7140-4190-93E4-A7ED229F6BFC}.Debug|Any CPU.Build.0 = Debug|Any CPU
		{B4DE299C-7140-4190-93E4-A7ED229F6BFC}.Release|Any CPU.ActiveCfg = Release|Any CPU
		{B4DE299C-7140-4190-93E4-A7ED229F6BFC}.Release|Any CPU.Build.0 = Release|Any CPU
	EndGlobalSection
	GlobalSection(SolutionProperties) = preSolution
		HideSolutionNode = FALSE
	EndGlobalSection
	GlobalSection(ExtensibilityGlobals) = postSolution
		SolutionGuid = {E05AD601-44A9-4B6D-B4D1-0E90C9E9C830}
	EndGlobalSection
EndGlobal
